
Microsoft Visual Studio Solution File, Format Version 12.00
# Visual Studio 15
VisualStudioVersion = 15.0.28307.1000
MinimumVisualStudioVersion = 10.0.40219.1
Project("{8BC9CEB8-8B4A-11D0-8D11-00A0C91BC942}") = "GenderAgeClassification", "GenderAgeClassification\GenderAgeClassification.vcxproj", "{EC881321-1B59-413A-8FAB-1E12123A61A6}"
EndProject
Project("{8BC9CEB8-8B4A-11D0-8D11-00A0C91BC942}") = "FaceDetection", "FaceDetection\FaceDetection.vcxproj", "{1FF18149-6940-4B14-9964-8C540EC11F79}"
EndProject
Global
	GlobalSection(SolutionConfigurationPlatforms) = preSolution
		Debug|x64 = Debug|x64
		Debug|x86 = Debug|x86
		Release|x64 = Release|x64
		Release|x86 = Release|x86
	EndGlobalSection
	GlobalSection(ProjectConfigurationPlatforms) = postSolution
		{EC881321-1B59-413A-8FAB-1E12123A61A6}.Debug|x64.ActiveCfg = Debug|x64
		{EC881321-1B59-413A-8FAB-1E12123A61A6}.Debug|x64.Build.0 = Debug|x64
		{EC881321-1B59-413A-8FAB-1E12123A61A6}.Debug|x86.ActiveCfg = Debug|Win32
		{EC881321-1B59-413A-8FAB-1E12123A61A6}.Debug|x86.Build.0 = Debug|Win32
		{EC881321-1B59-413A-8FAB-1E12123A61A6}.Release|x64.ActiveCfg = Release|x64
		{EC881321-1B59-413A-8FAB-1E12123A61A6}.Release|x64.Build.0 = Release|x64
		{EC881321-1B59-413A-8FAB-1E12123A61A6}.Release|x86.ActiveCfg = Release|Win32
		{EC881321-1B59-413A-8FAB-1E12123A61A6}.Release|x86.Build.0 = Release|Win32
		{1FF18149-6940-4B14-9964-8C540EC11F79}.Debug|x64.ActiveCfg = Debug|x64
		{1FF18149-6940-4B14-9964-8C540EC11F79}.Debug|x64.Build.0 = Debug|x64
		{1FF18149-6940-4B14-9964-8C540EC11F79}.Debug|x86.ActiveCfg = Debug|Win32
		{1FF18149-6940-4B14-9964-8C540EC11F79}.Debug|x86.Build.0 = Debug|Win32
		{1FF18149-6940-4B14-9964-8C540EC11F79}.Release|x64.ActiveCfg = Release|x64
		{1FF18149-6940-4B14-9964-8C540EC11F79}.Release|x64.Build.0 = Release|x64
		{1FF18149-6940-4B14-9964-8C540EC11F79}.Release|x86.ActiveCfg = Release|Win32
		{1FF18149-6940-4B14-9964-8C540EC11F79}.Release|x86.Build.0 = Release|Win32
	EndGlobalSection
	GlobalSection(SolutionProperties) = preSolution
		HideSolutionNode = FALSE
	EndGlobalSection
	GlobalSection(ExtensibilityGlobals) = postSolution
		SolutionGuid = {DB3CACAA-16C7-44AD-A16B-AD62666D8C43}
	EndGlobalSection
EndGlobal
