
Microsoft Visual Studio Solution File, Format Version 12.00
# Visual Studio 15
VisualStudioVersion = 15.0.28307.1000
MinimumVisualStudioVersion = 10.0.40219.1
Project("{8BC9CEB8-8B4A-11D0-8D11-00A0C91BC942}") = "GenderAgeClassification", "GenderAgeClassification\GenderAgeClassification.vcxproj", "{EC881321-1B59-413A-8FAB-1E12123A61A6}"
EndProject
Project("{8BC9CEB8-8B4A-11D0-8D11-00A0C91BC942}") = "FaceDetectionComparison", "FaceDetectionComparison\FaceDetectionComparison.vcxproj", "{2A043670-C833-4608-B31B-9ACB86699370}"
EndProject
Project("{8BC9CEB8-8B4A-11D0-8D11-00A0C91BC942}") = "InvisibilityCloak", "InvisibilityCloak\InvisibilityCloak.vcxproj", "{4F4A9825-576F-4581-914D-A1C4C735A1CB}"
EndProject
Project("{8BC9CEB8-8B4A-11D0-8D11-00A0C91BC942}") = "ColorSpaces", "ColorSpaces\ColorSpaces.vcxproj", "{1437C77C-CE4B-4933-8514-663826C70FB9}"
EndProject
Project("{8BC9CEB8-8B4A-11D0-8D11-00A0C91BC942}") = "TextDetection", "TextDetection\TextDetection.vcxproj", "{D47921EB-BA37-4621-AE7F-0863D8037A38}"
EndProject
Project("{8BC9CEB8-8B4A-11D0-8D11-00A0C91BC942}") = "VideoStabilization", "VideoStabilization\VideoStabilization.vcxproj", "{8676856A-4E30-4965-991F-3429590938C5}"
EndProject
Project("{8BC9CEB8-8B4A-11D0-8D11-00A0C91BC942}") = "ObjectDetection", "ObjectDetection\ObjectDetection.vcxproj", "{16EA556B-5C53-42A1-B166-BE847BDA3671}"
EndProject
Project("{8BC9CEB8-8B4A-11D0-8D11-00A0C91BC942}") = "CenterofBlob", "CenterofBlob\CenterofBlob.vcxproj", "{E7ABBCC6-9A8B-4511-BE2D-3B2C6A77041E}"
EndProject
Project("{8BC9CEB8-8B4A-11D0-8D11-00A0C91BC942}") = "HuMoments", "HuMoments\HuMoments.vcxproj", "{A54A05D2-EF7C-4409-B63C-E3B135039974}"
EndProject
Global
	GlobalSection(SolutionConfigurationPlatforms) = preSolution
		Debug|x64 = Debug|x64
		Debug|x86 = Debug|x86
		Release|x64 = Release|x64
		Release|x86 = Release|x86
	EndGlobalSection
	GlobalSection(ProjectConfigurationPlatforms) = postSolution
		{EC881321-1B59-413A-8FAB-1E12123A61A6}.Debug|x64.ActiveCfg = Debug|x64
		{EC881321-1B59-413A-8FAB-1E12123A61A6}.Debug|x64.Build.0 = Debug|x64
		{EC881321-1B59-413A-8FAB-1E12123A61A6}.Debug|x86.ActiveCfg = Debug|Win32
		{EC881321-1B59-413A-8FAB-1E12123A61A6}.Debug|x86.Build.0 = Debug|Win32
		{EC881321-1B59-413A-8FAB-1E12123A61A6}.Release|x64.ActiveCfg = Release|x64
		{EC881321-1B59-413A-8FAB-1E12123A61A6}.Release|x64.Build.0 = Release|x64
		{EC881321-1B59-413A-8FAB-1E12123A61A6}.Release|x86.ActiveCfg = Release|Win32
		{EC881321-1B59-413A-8FAB-1E12123A61A6}.Release|x86.Build.0 = Release|Win32
		{2A043670-C833-4608-B31B-9ACB86699370}.Debug|x64.ActiveCfg = Debug|x64
		{2A043670-C833-4608-B31B-9ACB86699370}.Debug|x64.Build.0 = Debug|x64
		{2A043670-C833-4608-B31B-9ACB86699370}.Debug|x86.ActiveCfg = Debug|Win32
		{2A043670-C833-4608-B31B-9ACB86699370}.Debug|x86.Build.0 = Debug|Win32
		{2A043670-C833-4608-B31B-9ACB86699370}.Release|x64.ActiveCfg = Release|x64
		{2A043670-C833-4608-B31B-9ACB86699370}.Release|x64.Build.0 = Release|x64
		{2A043670-C833-4608-B31B-9ACB86699370}.Release|x86.ActiveCfg = Release|Win32
		{2A043670-C833-4608-B31B-9ACB86699370}.Release|x86.Build.0 = Release|Win32
		{4F4A9825-576F-4581-914D-A1C4C735A1CB}.Debug|x64.ActiveCfg = Debug|x64
		{4F4A9825-576F-4581-914D-A1C4C735A1CB}.Debug|x64.Build.0 = Debug|x64
		{4F4A9825-576F-4581-914D-A1C4C735A1CB}.Debug|x86.ActiveCfg = Debug|Win32
		{4F4A9825-576F-4581-914D-A1C4C735A1CB}.Debug|x86.Build.0 = Debug|Win32
		{4F4A9825-576F-4581-914D-A1C4C735A1CB}.Release|x64.ActiveCfg = Release|x64
		{4F4A9825-576F-4581-914D-A1C4C735A1CB}.Release|x64.Build.0 = Release|x64
		{4F4A9825-576F-4581-914D-A1C4C735A1CB}.Release|x86.ActiveCfg = Release|Win32
		{4F4A9825-576F-4581-914D-A1C4C735A1CB}.Release|x86.Build.0 = Release|Win32
		{1437C77C-CE4B-4933-8514-663826C70FB9}.Debug|x64.ActiveCfg = Debug|x64
		{1437C77C-CE4B-4933-8514-663826C70FB9}.Debug|x64.Build.0 = Debug|x64
		{1437C77C-CE4B-4933-8514-663826C70FB9}.Debug|x86.ActiveCfg = Debug|Win32
		{1437C77C-CE4B-4933-8514-663826C70FB9}.Debug|x86.Build.0 = Debug|Win32
		{1437C77C-CE4B-4933-8514-663826C70FB9}.Release|x64.ActiveCfg = Release|x64
		{1437C77C-CE4B-4933-8514-663826C70FB9}.Release|x64.Build.0 = Release|x64
		{1437C77C-CE4B-4933-8514-663826C70FB9}.Release|x86.ActiveCfg = Release|Win32
		{1437C77C-CE4B-4933-8514-663826C70FB9}.Release|x86.Build.0 = Release|Win32
		{D47921EB-BA37-4621-AE7F-0863D8037A38}.Debug|x64.ActiveCfg = Debug|x64
		{D47921EB-BA37-4621-AE7F-0863D8037A38}.Debug|x64.Build.0 = Debug|x64
		{D47921EB-BA37-4621-AE7F-0863D8037A38}.Debug|x86.ActiveCfg = Debug|Win32
		{D47921EB-BA37-4621-AE7F-0863D8037A38}.Debug|x86.Build.0 = Debug|Win32
		{D47921EB-BA37-4621-AE7F-0863D8037A38}.Release|x64.ActiveCfg = Release|x64
		{D47921EB-BA37-4621-AE7F-0863D8037A38}.Release|x64.Build.0 = Release|x64
		{D47921EB-BA37-4621-AE7F-0863D8037A38}.Release|x86.ActiveCfg = Release|Win32
		{D47921EB-BA37-4621-AE7F-0863D8037A38}.Release|x86.Build.0 = Release|Win32
		{8676856A-4E30-4965-991F-3429590938C5}.Debug|x64.ActiveCfg = Debug|x64
		{8676856A-4E30-4965-991F-3429590938C5}.Debug|x64.Build.0 = Debug|x64
		{8676856A-4E30-4965-991F-3429590938C5}.Debug|x86.ActiveCfg = Debug|Win32
		{8676856A-4E30-4965-991F-3429590938C5}.Debug|x86.Build.0 = Debug|Win32
		{8676856A-4E30-4965-991F-3429590938C5}.Release|x64.ActiveCfg = Release|x64
		{8676856A-4E30-4965-991F-3429590938C5}.Release|x64.Build.0 = Release|x64
		{8676856A-4E30-4965-991F-3429590938C5}.Release|x86.ActiveCfg = Release|Win32
		{8676856A-4E30-4965-991F-3429590938C5}.Release|x86.Build.0 = Release|Win32
		{16EA556B-5C53-42A1-B166-BE847BDA3671}.Debug|x64.ActiveCfg = Debug|x64
		{16EA556B-5C53-42A1-B166-BE847BDA3671}.Debug|x64.Build.0 = Debug|x64
		{16EA556B-5C53-42A1-B166-BE847BDA3671}.Debug|x86.ActiveCfg = Debug|Win32
		{16EA556B-5C53-42A1-B166-BE847BDA3671}.Debug|x86.Build.0 = Debug|Win32
		{16EA556B-5C53-42A1-B166-BE847BDA3671}.Release|x64.ActiveCfg = Release|x64
		{16EA556B-5C53-42A1-B166-BE847BDA3671}.Release|x64.Build.0 = Release|x64
		{16EA556B-5C53-42A1-B166-BE847BDA3671}.Release|x86.ActiveCfg = Release|Win32
		{16EA556B-5C53-42A1-B166-BE847BDA3671}.Release|x86.Build.0 = Release|Win32
		{E7ABBCC6-9A8B-4511-BE2D-3B2C6A77041E}.Debug|x64.ActiveCfg = Debug|x64
		{E7ABBCC6-9A8B-4511-BE2D-3B2C6A77041E}.Debug|x64.Build.0 = Debug|x64
		{E7ABBCC6-9A8B-4511-BE2D-3B2C6A77041E}.Debug|x86.ActiveCfg = Debug|Win32
		{E7ABBCC6-9A8B-4511-BE2D-3B2C6A77041E}.Debug|x86.Build.0 = Debug|Win32
		{E7ABBCC6-9A8B-4511-BE2D-3B2C6A77041E}.Release|x64.ActiveCfg = Release|x64
		{E7ABBCC6-9A8B-4511-BE2D-3B2C6A77041E}.Release|x64.Build.0 = Release|x64
		{E7ABBCC6-9A8B-4511-BE2D-3B2C6A77041E}.Release|x86.ActiveCfg = Release|Win32
		{E7ABBCC6-9A8B-4511-BE2D-3B2C6A77041E}.Release|x86.Build.0 = Release|Win32
		{A54A05D2-EF7C-4409-B63C-E3B135039974}.Debug|x64.ActiveCfg = Debug|x64
		{A54A05D2-EF7C-4409-B63C-E3B135039974}.Debug|x64.Build.0 = Debug|x64
		{A54A05D2-EF7C-4409-B63C-E3B135039974}.Debug|x86.ActiveCfg = Debug|Win32
		{A54A05D2-EF7C-4409-B63C-E3B135039974}.Debug|x86.Build.0 = Debug|Win32
		{A54A05D2-EF7C-4409-B63C-E3B135039974}.Release|x64.ActiveCfg = Release|x64
		{A54A05D2-EF7C-4409-B63C-E3B135039974}.Release|x64.Build.0 = Release|x64
		{A54A05D2-EF7C-4409-B63C-E3B135039974}.Release|x86.ActiveCfg = Release|Win32
		{A54A05D2-EF7C-4409-B63C-E3B135039974}.Release|x86.Build.0 = Release|Win32
	EndGlobalSection
	GlobalSection(SolutionProperties) = preSolution
		HideSolutionNode = FALSE
	EndGlobalSection
	GlobalSection(ExtensibilityGlobals) = postSolution
		SolutionGuid = {DB3CACAA-16C7-44AD-A16B-AD62666D8C43}
	EndGlobalSection
EndGlobal
